
Microsoft Visual Studio Solution File, Format Version 12.00
# Visual Studio Version 16
VisualStudioVersion = 16.0.29306.81
MinimumVisualStudioVersion = 10.0.40219.1
Project("{FAE04EC0-301F-11D3-BF4B-00C04F79EFBC}") = "SuperHeroAcademy", "SuperHeroAcademy.csproj", "{4566948C-18E7-4865-A8BA-6508376B8DF0}"
EndProject
Global
	GlobalSection(SolutionConfigurationPlatforms) = preSolution
		Debug|Any CPU = Debug|Any CPU
		Release|Any CPU = Release|Any CPU
	EndGlobalSection
	GlobalSection(ProjectConfigurationPlatforms) = postSolution
		{4566948C-18E7-4865-A8BA-6508376B8DF0}.Debug|Any CPU.ActiveCfg = Debug|Any CPU
		{4566948C-18E7-4865-A8BA-6508376B8DF0}.Debug|Any CPU.Build.0 = Debug|Any CPU
		{4566948C-18E7-4865-A8BA-6508376B8DF0}.Release|Any CPU.ActiveCfg = Release|Any CPU
		{4566948C-18E7-4865-A8BA-6508376B8DF0}.Release|Any CPU.Build.0 = Release|Any CPU
	EndGlobalSection
	GlobalSection(SolutionProperties) = preSolution
		HideSolutionNode = FALSE
	EndGlobalSection
	GlobalSection(ExtensibilityGlobals) = postSolution
		SolutionGuid = {CD5548A4-7B0C-4E61-9F39-4A0FB503F318}
	EndGlobalSection
EndGlobal
